Microsoft Visual Studio Solution File, Format Version 11.00
# Visual Studio 2008

Project("{F5620CC1-DC86-D294-B6A5-261BF47E7760}") = "normalmaptest", "Assembly-CSharp-firstpass.csproj", "{AF8967B0-137E-4E18-1D3D-8E4B87106EE5}"
EndProject
Project("{F5620CC1-DC86-D294-B6A5-261BF47E7760}") = "normalmaptest", "Assembly-CSharp.csproj", "{3532E97A-FE50-A949-34C1-BAD9C14D3281}"
EndProject
Project("{F5620CC1-DC86-D294-B6A5-261BF47E7760}") = "normalmaptest", "Assembly-CSharp-Editor.csproj", "{4CF49422-6139-A21B-3309-A75D959FF56A}"
EndProject
Project("{F5620CC1-DC86-D294-B6A5-261BF47E7760}") = "normalmaptest", "Assembly-UnityScript-firstpass.unityproj", "{652A4869-24F7-B006-E1AE-D1A1964E5365}"
EndProject
Project("{F5620CC1-DC86-D294-B6A5-261BF47E7760}") = "normalmaptest", "Assembly-UnityScript.unityproj", "{8167D93B-AFC9-176C-B5F1-8EF2B63545D4}"
EndProject
Global
	GlobalSection(SolutionConfigurationPlatforms) = preSolution
		Debug|Any CPU = Debug|Any CPU
		Release|Any CPU = Release|Any CPU
	EndGlobalSection
	GlobalSection(ProjectConfigurationPlatforms) = postSolution
		{AF8967B0-137E-4E18-1D3D-8E4B87106EE5}.Debug|Any CPU.ActiveCfg = Debug|Any CPU
		{AF8967B0-137E-4E18-1D3D-8E4B87106EE5}.Debug|Any CPU.Build.0 = Debug|Any CPU
		{AF8967B0-137E-4E18-1D3D-8E4B87106EE5}.Release|Any CPU.ActiveCfg = Release|Any CPU
		{AF8967B0-137E-4E18-1D3D-8E4B87106EE5}.Release|Any CPU.Build.0 = Release|Any CPU
		{3532E97A-FE50-A949-34C1-BAD9C14D3281}.Debug|Any CPU.ActiveCfg = Debug|Any CPU
		{3532E97A-FE50-A949-34C1-BAD9C14D3281}.Debug|Any CPU.Build.0 = Debug|Any CPU
		{3532E97A-FE50-A949-34C1-BAD9C14D3281}.Release|Any CPU.ActiveCfg = Release|Any CPU
		{3532E97A-FE50-A949-34C1-BAD9C14D3281}.Release|Any CPU.Build.0 = Release|Any CPU
		{4CF49422-6139-A21B-3309-A75D959FF56A}.Debug|Any CPU.ActiveCfg = Debug|Any CPU
		{4CF49422-6139-A21B-3309-A75D959FF56A}.Debug|Any CPU.Build.0 = Debug|Any CPU
		{4CF49422-6139-A21B-3309-A75D959FF56A}.Release|Any CPU.ActiveCfg = Release|Any CPU
		{4CF49422-6139-A21B-3309-A75D959FF56A}.Release|Any CPU.Build.0 = Release|Any CPU
		{652A4869-24F7-B006-E1AE-D1A1964E5365}.Debug|Any CPU.ActiveCfg = Debug|Any CPU
		{652A4869-24F7-B006-E1AE-D1A1964E5365}.Debug|Any CPU.Build.0 = Debug|Any CPU
		{652A4869-24F7-B006-E1AE-D1A1964E5365}.Release|Any CPU.ActiveCfg = Release|Any CPU
		{652A4869-24F7-B006-E1AE-D1A1964E5365}.Release|Any CPU.Build.0 = Release|Any CPU
		{8167D93B-AFC9-176C-B5F1-8EF2B63545D4}.Debug|Any CPU.ActiveCfg = Debug|Any CPU
		{8167D93B-AFC9-176C-B5F1-8EF2B63545D4}.Debug|Any CPU.Build.0 = Debug|Any CPU
		{8167D93B-AFC9-176C-B5F1-8EF2B63545D4}.Release|Any CPU.ActiveCfg = Release|Any CPU
		{8167D93B-AFC9-176C-B5F1-8EF2B63545D4}.Release|Any CPU.Build.0 = Release|Any CPU
	EndGlobalSection
	GlobalSection(SolutionProperties) = preSolution
		HideSolutionNode = FALSE
	EndGlobalSection
														GlobalSection(MonoDevelopProperties) = preSolution
		StartupItem = Assembly-CSharp.csproj
		Policies = $0
		$0.TextStylePolicy = $1
		$1.inheritsSet = null
		$1.scope = text/x-csharp
		$0.CSharpFormattingPolicy = $2
		$2.inheritsSet = Mono
		$2.inheritsScope = text/x-csharp
		$2.scope = text/x-csharp
		$0.TextStylePolicy = $3
		$3.FileWidth = 120
		$3.TabWidth = 4
		$3.EolMarker = Unix
		$3.inheritsSet = Mono
		$3.inheritsScope = text/plain
		$3.scope = text/plain
	EndGlobalSection

EndGlobal
